{
  "name": "database",
  "lockfileVersion": 3,
  "requires": true,
  "packages": {
    "": {
      "dependencies": {
        "@aws-sdk/client-s3": "^3.967.0",
        "@aws-sdk/client-sqs": "^3.967.0",
        "@aws-sdk/credential-providers": "^3.967.0",
        "knex": "^2.1.0",
        "lodash": "^4.17.21",
        "minimist": "^1.2.6",
        "pg": "^8.7.3",
        "pg-copy-streams": "^6.0.2",
        "winston": "^3.8.1"
      }
    },
    "node_modules/@aws-sdk/checksums": {
      "version": "3.1000.15",
      "resolved": "https://registry.npmjs.org/@aws-sdk/checksums/-/checksums-3.1000.15.tgz",
      "integrity": "sha512-hAdQvjHv7zijjhjumod+/k0xxlJEoKKKCuXarKturk3KebbVpzCo8k3XmobI6M7qK5Y3Zhnr9CUQJxrcPSQ80A==",
      "license": "Apache-2.0",
      "dependencies": {
        "@aws-sdk/core": "^3.975.0",
        "@aws-sdk/types": "^3.974.0",
        "@smithy/core": "^3.29.2",
        "@smithy/types": "^4.16.0",
        "tslib": "^2.6.2"
      },
      "engines": {
        "node": ">=20.0.0"
      }
    },
    "node_modules/@aws-sdk/client-s3": {
      "version": "3.1082.0",
      "resolved": "https://registry.npmjs.org/@aws-sdk/client-s3/-/client-s3-3.1082.0.tgz",
      "integrity": "sha512-vY3uUgjYSWH+enoupP3NJ2iTYaGWc1jAjt7QdjyQLzEXZ9nCjbCZKUoHk5ZuBTgAGDhcOUvRkCxpHj1BA5AFvA==",
      "license": "Apache-2.0",
      "dependencies": {
        "@aws-sdk/checksums": "^3.1000.15",
        "@aws-sdk/core": "^3.975.0",
        "@aws-sdk/credential-provider-node": "^3.972.65",
        "@aws-sdk/middleware-sdk-s3": "^3.972.61",
        "@aws-sdk/signature-v4-multi-region": "^3.996.39",
        "@aws-sdk/types": "^3.974.0",
        "@smithy/core": "^3.29.2",
        "@smithy/fetch-http-handler": "^5.6.4",
        "@smithy/node-http-handler": "^4.9.4",
        "@smithy/types": "^4.16.0",
        "tslib": "^2.6.2"
      },
      "engines": {
        "node": ">=20.0.0"
      }
    },
    "node_modules/@aws-sdk/client-sqs": {
      "version": "3.1082.0",
      "resolved": "https://registry.npmjs.org/@aws-sdk/client-sqs/-/client-sqs-3.1082.0.tgz",
      "integrity": "sha512-qhvr6XIGNFq7uYRk3wsd7FE6g4zJ1PMqpjQURIfSQ8TsBAJmoFFT0W/alEIIZx5XLpu75Bqb9ULaBANjqXHvlg==",
      "license": "Apache-2.0",
      "dependencies": {
        "@aws-sdk/core": "^3.975.0",
        "@aws-sdk/credential-provider-node": "^3.972.65",
        "@aws-sdk/middleware-sdk-sqs": "^3.972.35",
        "@aws-sdk/types": "^3.974.0",
        "@smithy/core": "^3.29.2",
        "@smithy/fetch-http-handler": "^5.6.4",
        "@smithy/node-http-handler": "^4.9.4",
        "@smithy/types": "^4.16.0",
        "tslib": "^2.6.2"
      },
      "engines": {
        "node": ">=20.0.0"
      }
    },
    "node_modules/@aws-sdk/core": {
      "version": "3.975.0",
      "resolved": "https://registry.npmjs.org/@aws-sdk/core/-/core-3.975.0.tgz",
      "integrity": "sha512-rro0KMJz0XBZw1HChXXgylx9aaf60ITyBmZtH0x+9QG6u3SOoyM81LI9ONSGQe0nuN4554LOg4xKIY7frHpgmg==",
      "license": "Apache-2.0",
      "dependencies": {
        "@aws-sdk/types": "^3.974.0",
        "@aws-sdk/xml-builder": "^3.972.34",
        "@aws/lambda-invoke-store": "^0.3.0",
        "@smithy/core": "^3.29.2",
        "@smithy/signature-v4": "^5.6.3",
        "@smithy/types": "^4.16.0",
        "bowser": "^2.11.0",
        "tslib": "^2.6.2"
      },
      "engines": {
        "node": ">=20.0.0"
      }
    },
    "node_modules/@aws-sdk/credential-provider-cognito-identity": {
      "version": "3.972.55",
      "resolved": "https://registry.npmjs.org/@aws-sdk/credential-provider-cognito-identity/-/credential-provider-cognito-identity-3.972.55.tgz",
      "integrity": "sha512-0FL5McPvo0+eBKwot8Zfz4I2wKBTRh+IQnb8W54IrRqupnDusbe+dV4nWDzb+OfQtF57Kw+dvRsiGcZCLYScMQ==",
      "license": "Apache-2.0",
      "dependencies": {
        "@aws-sdk/nested-clients": "^3.997.30",
        "@aws-sdk/types": "^3.974.0",
        "@smithy/core": "^3.29.2",
        "@smithy/types": "^4.16.0",
        "tslib": "^2.6.2"
      },
      "engines": {
        "node": ">=20.0.0"
      }
    },
    "node_modules/@aws-sdk/credential-provider-env": {
      "version": "3.972.56",
      "resolved": "https://registry.npmjs.org/@aws-sdk/credential-provider-env/-/credential-provider-env-3.972.56.tgz",
      "integrity": "sha512-cjFAqXcfmzxOyNE7vGfe8XTju6JJ7ch/2w+vr/mqQMdxukSkBpkaWd3ewXpaBQ7FP+IKYLT5eHjvwqCUQua8DA==",
      "license": "Apache-2.0",
      "dependencies": {
        "@aws-sdk/core": "^3.975.0",
        "@aws-sdk/types": "^3.974.0",
        "@smithy/core": "^3.29.2",
        "@smithy/types": "^4.16.0",
        "tslib": "^2.6.2"
      },
      "engines": {
        "node": ">=20.0.0"
      }
    },
    "node_modules/@aws-sdk/credential-provider-http": {
      "version": "3.972.58",
      "resolved": "https://registry.npmjs.org/@aws-sdk/credential-provider-http/-/credential-provider-http-3.972.58.tgz",
      "integrity": "sha512-UTHgQ6j3IkOMYLXXWpil56RfprNfx+GWKdGiwhWBqKNSnxm43uH1erWg2fDv+/qPndz+wwmiLlfRArQZFmtO0Q==",
      "license": "Apache-2.0",
      "dependencies": {
        "@aws-sdk/core": "^3.975.0",
        "@aws-sdk/types": "^3.974.0",
        "@smithy/core": "^3.29.2",
        "@smithy/fetch-http-handler": "^5.6.4",
        "@smithy/node-http-handler": "^4.9.4",
        "@smithy/types": "^4.16.0",
        "tslib": "^2.6.2"
      },
      "engines": {
        "node": ">=20.0.0"
      }
    },
    "node_modules/@aws-sdk/credential-provider-ini": {
      "version": "3.973.0",
      "resolved": "https://registry.npmjs.org/@aws-sdk/credential-provider-ini/-/credential-provider-ini-3.973.0.tgz",
      "integrity": "sha512-KZKwYIv7ZwcZuWWz1bb7MAr8rChzZzDXbNWNVxZlh6tbG+WwwdBBvyIwrzvCOSV+/7/q+gyd5uiAfDSK+61/1Q==",
      "license": "Apache-2.0",
      "dependencies": {
        "@aws-sdk/core": "^3.975.0",
        "@aws-sdk/credential-provider-env": "^3.972.56",
        "@aws-sdk/credential-provider-http": "^3.972.58",
        "@aws-sdk/credential-provider-login": "^3.972.62",
        "@aws-sdk/credential-provider-process": "^3.972.56",
        "@aws-sdk/credential-provider-sso": "^3.973.0",
        "@aws-sdk/credential-provider-web-identity": "^3.972.62",
        "@aws-sdk/nested-clients": "^3.997.30",
        "@aws-sdk/types": "^3.974.0",
        "@smithy/core": "^3.29.2",
        "@smithy/credential-provider-imds": "^4.4.7",
        "@smithy/types": "^4.16.0",
        "tslib": "^2.6.2"
      },
      "engines": {
        "node": ">=20.0.0"
      }
    },
    "node_modules/@aws-sdk/credential-provider-login": {
      "version": "3.972.62",
      "resolved": "https://registry.npmjs.org/@aws-sdk/credential-provider-login/-/credential-provider-login-3.972.62.tgz",
      "integrity": "sha512-RKVpKRuq2xSzidsSMIgFXBUvfeTP3Tu9F7FnCi6dyyjbwYupOwa+liJYu7fyhqpLUSKg+NAEFfUQvg1791Wb2Q==",
      "license": "Apache-2.0",
      "dependencies": {
        "@aws-sdk/core": "^3.975.0",
        "@aws-sdk/nested-clients": "^3.997.30",
        "@aws-sdk/types": "^3.974.0",
        "@smithy/core": "^3.29.2",
        "@smithy/types": "^4.16.0",
        "tslib": "^2.6.2"
      },
      "engines": {
        "node": ">=20.0.0"
      }
    },
    "node_modules/@aws-sdk/credential-provider-node": {
      "version": "3.972.65",
      "resolved": "https://registry.npmjs.org/@aws-sdk/credential-provider-node/-/credential-provider-node-3.972.65.tgz",
      "integrity": "sha512-0+AbSk0KOk+5VR12KHy4PM2SDgGmO8tcdTVVSyvfG0k043i8sq4x7jSLTzNTI+BxUMjteIPSqFc8AfYm/PjxoQ==",
      "license": "Apache-2.0",
      "dependencies": {
        "@aws-sdk/credential-provider-env": "^3.972.56",
        "@aws-sdk/credential-provider-http": "^3.972.58",
        "@aws-sdk/credential-provider-ini": "^3.973.0",
        "@aws-sdk/credential-provider-process": "^3.972.56",
        "@aws-sdk/credential-provider-sso": "^3.973.0",
        "@aws-sdk/credential-provider-web-identity": "^3.972.62",
        "@aws-sdk/types": "^3.974.0",
        "@smithy/core": "^3.29.2",
        "@smithy/credential-provider-imds": "^4.4.7",
        "@smithy/types": "^4.16.0",
        "tslib": "^2.6.2"
      },
      "engines": {
        "node": ">=20.0.0"
      }
    },
    "node_modules/@aws-sdk/credential-provider-process": {
      "version": "3.972.56",
      "resolved": "https://registry.npmjs.org/@aws-sdk/credential-provider-process/-/credential-provider-process-3.972.56.tgz",
      "integrity": "sha512-PC8w9452qVJCf0ZaGq/Gf7uxq2oX8dIE8ON//uoRt8Smhq3ihSWwSVdlFMIK89MCN53+wwif62FL/+sudBFpJQ==",
      "license": "Apache-2.0",
      "dependencies": {
        "@aws-sdk/core": "^3.975.0",
        "@aws-sdk/types": "^3.974.0",
        "@smithy/core": "^3.29.2",
        "@smithy/types": "^4.16.0",
        "tslib": "^2.6.2"
      },
      "engines": {
        "node": ">=20.0.0"
      }
    },
    "node_modules/@aws-sdk/credential-provider-sso": {
      "version": "3.973.0",
      "resolved": "https://registry.npmjs.org/@aws-sdk/credential-provider-sso/-/credential-provider-sso-3.973.0.tgz",
      "integrity": "sha512-ZCe6i8p6jl3OUKV1l8aOWI/gNUjFH/94M0LqfsRit7qGt0HdK+fdsqDOlH2H3yw15WUsFCJ+r1xqsE6kSdPVlw==",
      "license": "Apache-2.0",
      "dependencies": {
        "@aws-sdk/core": "^3.975.0",
        "@aws-sdk/nested-clients": "^3.997.30",
        "@aws-sdk/token-providers": "3.1082.0",
        "@aws-sdk/types": "^3.974.0",
        "@smithy/core": "^3.29.2",
        "@smithy/types": "^4.16.0",
        "tslib": "^2.6.2"
      },
      "engines": {
        "node": ">=20.0.0"
      }
    },
    "node_modules/@aws-sdk/credential-provider-web-identity": {
      "version": "3.972.62",
      "resolved": "https://registry.npmjs.org/@aws-sdk/credential-provider-web-identity/-/credential-provider-web-identity-3.972.62.tgz",
      "integrity": "sha512-CrGUTJlMSkecTSSSA4J/BC+VmzXAgVXDkRKj4Wy1EvrsZPaT0L9tiCly6VPSfJTM4ypokARht+IgDSk38gmh9w==",
      "license": "Apache-2.0",
      "dependencies": {
        "@aws-sdk/core": "^3.975.0",
        "@aws-sdk/nested-clients": "^3.997.30",
        "@aws-sdk/types": "^3.974.0",
        "@smithy/core": "^3.29.2",
        "@smithy/types": "^4.16.0",
        "tslib": "^2.6.2"
      },
      "engines": {
        "node": ">=20.0.0"
      }
    },
    "node_modules/@aws-sdk/credential-providers": {
      "version": "3.1082.0",
      "resolved": "https://registry.npmjs.org/@aws-sdk/credential-providers/-/credential-providers-3.1082.0.tgz",
      "integrity": "sha512-4RmNRlImsaEedP1muXMMpYInk3hZdi2f0qRKAzMF27QPIDipt6XD5mVc4EkGNEW6nqSaiYaSN++eC5fefqfF9A==",
      "license": "Apache-2.0",
      "dependencies": {
        "@aws-sdk/core": "^3.975.0",
        "@aws-sdk/credential-provider-cognito-identity": "^3.972.55",
        "@aws-sdk/credential-provider-env": "^3.972.56",
        "@aws-sdk/credential-provider-http": "^3.972.58",
        "@aws-sdk/credential-provider-ini": "^3.973.0",
        "@aws-sdk/credential-provider-login": "^3.972.62",
        "@aws-sdk/credential-provider-node": "^3.972.65",
        "@aws-sdk/credential-provider-process": "^3.972.56",
        "@aws-sdk/credential-provider-sso": "^3.973.0",
        "@aws-sdk/credential-provider-web-identity": "^3.972.62",
        "@aws-sdk/nested-clients": "^3.997.30",
        "@aws-sdk/types": "^3.974.0",
        "@smithy/core": "^3.29.2",
        "@smithy/credential-provider-imds": "^4.4.7",
        "@smithy/types": "^4.16.0",
        "tslib": "^2.6.2"
      },
      "engines": {
        "node": ">=20.0.0"
      }
    },
    "node_modules/@aws-sdk/middleware-sdk-s3": {
      "version": "3.972.61",
      "resolved": "https://registry.npmjs.org/@aws-sdk/middleware-sdk-s3/-/middleware-sdk-s3-3.972.61.tgz",
      "integrity": "sha512-L3YKtSu81xFfjUaNYJTPEWNz0KSPfKGDcDcblRC/JxVJ7/BNTskIX1lSWRd9nRKZg+3ilgvw7FTwCNPKJ0PAPQ==",
      "license": "Apache-2.0",
      "dependencies": {
        "@aws-sdk/core": "^3.975.0",
        "@aws-sdk/signature-v4-multi-region": "^3.996.39",
        "@aws-sdk/types": "^3.974.0",
        "@smithy/core": "^3.29.2",
        "@smithy/types": "^4.16.0",
        "tslib": "^2.6.2"
      },
      "engines": {
        "node": ">=20.0.0"
      }
    },
    "node_modules/@aws-sdk/middleware-sdk-sqs": {
      "version": "3.972.35",
      "resolved": "https://registry.npmjs.org/@aws-sdk/middleware-sdk-sqs/-/middleware-sdk-sqs-3.972.35.tgz",
      "integrity": "sha512-J1u7OABwjjBB7sUJiET05dPVAfjFeR6vfM5//DInKuPzc7PhPVNEviC7RqbsIsBdZi8xICVnHemFrTuvGmhySA==",
      "license": "Apache-2.0",
      "dependencies": {
        "@aws-sdk/types": "^3.974.0",
        "@smithy/core": "^3.29.2",
        "@smithy/types": "^4.16.0",
        "tslib": "^2.6.2"
      },
      "engines": {
        "node": ">=20.0.0"
      }
    },
    "node_modules/@aws-sdk/nested-clients": {
      "version": "3.997.30",
      "resolved": "https://registry.npmjs.org/@aws-sdk/nested-clients/-/nested-clients-3.997.30.tgz",
      "integrity": "sha512-ZQpvaE4gKKChXIyU5nn/jJeA5TixpWeb3KToovyQ+Hj2HPHkTIjCWirnDHG9Za1HNwTFP4NHdAtuNuEU0PqDww==",
      "license": "Apache-2.0",
      "dependencies": {
        "@aws-sdk/core": "^3.975.0",
        "@aws-sdk/signature-v4-multi-region": "^3.996.39",
        "@aws-sdk/types": "^3.974.0",
        "@smithy/core": "^3.29.2",
        "@smithy/fetch-http-handler": "^5.6.4",
        "@smithy/node-http-handler": "^4.9.4",
        "@smithy/types": "^4.16.0",
        "tslib": "^2.6.2"
      },
      "engines": {
        "node": ">=20.0.0"
      }
    },
    "node_modules/@aws-sdk/signature-v4-multi-region": {
      "version": "3.996.39",
      "resolved": "https://registry.npmjs.org/@aws-sdk/signature-v4-multi-region/-/signature-v4-multi-region-3.996.39.tgz",
      "integrity": "sha512-8+srXqYIF8KYMLC4FxMLEM5Ek7kUNibJu1R4m8/fUhhNYIZZz26oGtKkCr8I/HiG2fFQxBvaGgQZT4/mqRCSnA==",
      "license": "Apache-2.0",
      "dependencies": {
        "@aws-sdk/types": "^3.974.0",
        "@smithy/signature-v4": "^5.6.3",
        "@smithy/types": "^4.16.0",
        "tslib": "^2.6.2"
      },
      "engines": {
        "node": ">=20.0.0"
      }
    },
    "node_modules/@aws-sdk/token-providers": {
      "version": "3.1082.0",
      "resolved": "https://registry.npmjs.org/@aws-sdk/token-providers/-/token-providers-3.1082.0.tgz",
      "integrity": "sha512-adHOgJ97jv3QkN8w9TNrDx+3SKAIi1+ihCsv2n4/hYMIvCuzD0QA6vgPGeb/R3fYk9ZVXD2/0SaluR0izcAY/Q==",
      "license": "Apache-2.0",
      "dependencies": {
        "@aws-sdk/core": "^3.975.0",
        "@aws-sdk/nested-clients": "^3.997.30",
        "@aws-sdk/types": "^3.974.0",
        "@smithy/core": "^3.29.2",
        "@smithy/types": "^4.16.0",
        "tslib": "^2.6.2"
      },
      "engines": {
        "node": ">=20.0.0"
      }
    },
    "node_modules/@aws-sdk/types": {
      "version": "3.974.0",
      "resolved": "https://registry.npmjs.org/@aws-sdk/types/-/types-3.974.0.tgz",
      "integrity": "sha512-QIBrw90CDm4O0UaIIzkU6DrFdeJzEb2Va5EPEVpyldj6sHJxB6cshhStJuhZxk3wR3PmjJlYsjPmY1kNb+KGBg==",
      "license": "Apache-2.0",
      "dependencies": {
        "@smithy/types": "^4.16.0",
        "tslib": "^2.6.2"
      },
      "engines": {
        "node": ">=20.0.0"
      }
    },
    "node_modules/@aws-sdk/xml-builder": {
      "version": "3.972.34",
      "resolved": "https://registry.npmjs.org/@aws-sdk/xml-builder/-/xml-builder-3.972.34.tgz",
      "integrity": "sha512-wHhWL1y7sN3enBA8POrPpQM5jCcmu2ozyhbRei4c8OjVcEaEs6yLucLa/pla457ggS/ysuy7bosagz3HaJkZXA==",
      "license": "Apache-2.0",
      "dependencies": {
        "@smithy/types": "^4.16.0",
        "tslib": "^2.6.2"
      },
      "engines": {
        "node": ">=20.0.0"
      }
    },
    "node_modules/@aws/lambda-invoke-store": {
      "version": "0.3.0",
      "resolved": "https://registry.npmjs.org/@aws/lambda-invoke-store/-/lambda-invoke-store-0.3.0.tgz",
      "integrity": "sha512-sl4Bm6yiMNYrZKkqqDFWN0UfnWhlS8ivKxrYl+6t0gCLrqr8y3B2IqZZbFRkfaVVp7C/baApyh71P+LeE1A2sQ==",
      "license": "Apache-2.0",
      "engines": {
        "node": ">=18.0.0"
      }
    },
    "node_modules/@colors/colors": {
      "version": "1.6.0",
      "resolved": "https://registry.npmjs.org/@colors/colors/-/colors-1.6.0.tgz",
      "integrity": "sha512-Ir+AOibqzrIsL6ajt3Rz3LskB7OiMVHqltZmspbW/TJuTVuyOMirVqAkjfY6JISiLHgyNqicAC8AyHHGzNd/dA==",
      "license": "MIT",
      "engines": {
        "node": ">=0.1.90"
      }
    },
    "node_modules/@dabh/diagnostics": {
      "version": "2.0.8",
      "resolved": "https://registry.npmjs.org/@dabh/diagnostics/-/diagnostics-2.0.8.tgz",
      "integrity": "sha512-R4MSXTVnuMzGD7bzHdW2ZhhdPC/igELENcq5IjEverBvq5hn1SXCWcsi6eSsdWP0/Ur+SItRRjAktmdoX/8R/Q==",
      "license": "MIT",
      "dependencies": {
        "@so-ric/colorspace": "^1.1.6",
        "enabled": "2.0.x",
        "kuler": "^2.0.0"
      }
    },
    "node_modules/@smithy/core": {
      "version": "3.29.2",
      "resolved": "https://registry.npmjs.org/@smithy/core/-/core-3.29.2.tgz",
      "integrity": "sha512-DXUk6yU0C1Q1tYvJh1VCtl8QOBcSoZpKwjTPkxT6A4MUQYHvgeKGByL8mrEdxnvhdf9nq5GyzmRb5n/vPgu3Lw==",
      "license": "Apache-2.0",
      "dependencies": {
        "@smithy/types": "^4.16.0",
        "tslib": "^2.6.2"
      },
      "engines": {
        "node": ">=18.0.0"
      }
    },
    "node_modules/@smithy/credential-provider-imds": {
      "version": "4.4.7",
      "resolved": "https://registry.npmjs.org/@smithy/credential-provider-imds/-/credential-provider-imds-4.4.7.tgz",
      "integrity": "sha512-UEMLOoA0Fl4uYBxh6l0uN0H6EJe/A89OGeDNTteQeXpJ20BcpfIr4wlCY9pel1jEAUHAxaYwuqrYlrKdXE1GKQ==",
      "license": "Apache-2.0",
      "dependencies": {
        "@smithy/core": "^3.29.2",
        "@smithy/types": "^4.16.0",
        "tslib": "^2.6.2"
      },
      "engines": {
        "node": ">=18.0.0"
      }
    },
    "node_modules/@smithy/fetch-http-handler": {
      "version": "5.6.4",
      "resolved": "https://registry.npmjs.org/@smithy/fetch-http-handler/-/fetch-http-handler-5.6.4.tgz",
      "integrity": "sha512-psnst7NZWdAEvJvyW8YZEE7xNVMyLrQFfHtyrVFrxNyy+dKWkQ+rqC6oI5ZhxThpUy9RSfEshgm34zqbOxzsRw==",
      "license": "Apache-2.0",
      "dependencies": {
        "@smithy/core": "^3.29.2",
        "@smithy/types": "^4.16.0",
        "tslib": "^2.6.2"
      },
      "engines": {
        "node": ">=18.0.0"
      }
    },
    "node_modules/@smithy/node-http-handler": {
      "version": "4.9.4",
      "resolved": "https://registry.npmjs.org/@smithy/node-http-handler/-/node-http-handler-4.9.4.tgz",
      "integrity": "sha512-BNTop/fSOptmoVk8g+efwHCofFh37g70OWGAFES1TeAAJja1K5aAI8rTE26ETSc5k8IQuWY2kAIoPla01NgYrA==",
      "license": "Apache-2.0",
      "dependencies": {
        "@smithy/core": "^3.29.2",
        "@smithy/types": "^4.16.0",
        "tslib": "^2.6.2"
      },
      "engines": {
        "node": ">=18.0.0"
      }
    },
    "node_modules/@smithy/signature-v4": {
      "version": "5.6.3",
      "resolved": "https://registry.npmjs.org/@smithy/signature-v4/-/signature-v4-5.6.3.tgz",
      "integrity": "sha512-8qVKKzqh7naF27ePmx0SkUfnGP/wBI9dyaeAmhHvopnbIlItUAmB/e6PkPCU3rRb2v9BY8D4EZXSoydSibatvw==",
      "license": "Apache-2.0",
      "dependencies": {
        "@smithy/core": "^3.29.2",
        "@smithy/types": "^4.16.0",
        "tslib": "^2.6.2"
      },
      "engines": {
        "node": ">=18.0.0"
      }
    },
    "node_modules/@smithy/types": {
      "version": "4.16.0",
      "resolved": "https://registry.npmjs.org/@smithy/types/-/types-4.16.0.tgz",
      "integrity": "sha512-aVUabzlBBmY0PfvVgLKQSOGFIL5/7R54JE3uD9a5Ay/jSED61SkuAcCYENNXJzYUvJ1NPrWO0P+rAXHCkbBUKw==",
      "license": "Apache-2.0",
      "dependencies": {
        "tslib": "^2.6.2"
      },
      "engines": {
        "node": ">=18.0.0"
      }
    },
    "node_modules/@so-ric/colorspace": {
      "version": "1.1.6",
      "resolved": "https://registry.npmjs.org/@so-ric/colorspace/-/colorspace-1.1.6.tgz",
      "integrity": "sha512-/KiKkpHNOBgkFJwu9sh48LkHSMYGyuTcSFK/qMBdnOAlrRJzRSXAOFB5qwzaVQuDl8wAvHVMkaASQDReTahxuw==",
      "license": "MIT",
      "dependencies": {
        "color": "^5.0.2",
        "text-hex": "1.0.x"
      }
    },
    "node_modules/@types/triple-beam": {
      "version": "1.3.5",
      "resolved": "https://registry.npmjs.org/@types/triple-beam/-/triple-beam-1.3.5.tgz",
      "integrity": "sha512-6WaYesThRMCl19iryMYP7/x2OVgCtbIVflDGFpWnb9irXI3UjYE4AzmYuiUKY1AJstGijoY+MgUszMgRxIYTYw==",
      "license": "MIT"
    },
    "node_modules/async": {
      "version": "3.2.6",
      "resolved": "https://registry.npmjs.org/async/-/async-3.2.6.tgz",
      "integrity": "sha512-htCUDlxyyCLMgaM3xXg0C0LW2xqfuQ6p05pCEIsXuyQ+a1koYKTuBMzRNwmybfLgvJDMd0r1LTn4+E0Ti6C2AA==",
      "license": "MIT"
    },
    "node_modules/bowser": {
      "version": "2.14.1",
      "resolved": "https://registry.npmjs.org/bowser/-/bowser-2.14.1.tgz",
      "integrity": "sha512-tzPjzCxygAKWFOJP011oxFHs57HzIhOEracIgAePE4pqB3LikALKnSzUyU4MGs9/iCEUuHlAJTjTc5M+u7YEGg==",
      "license": "MIT"
    },
    "node_modules/color": {
      "version": "5.0.3",
      "resolved": "https://registry.npmjs.org/color/-/color-5.0.3.tgz",
      "integrity": "sha512-ezmVcLR3xAVp8kYOm4GS45ZLLgIE6SPAFoduLr6hTDajwb3KZ2F46gulK3XpcwRFb5KKGCSezCBAY4Dw4HsyXA==",
      "license": "MIT",
      "dependencies": {
        "color-convert": "^3.1.3",
        "color-string": "^2.1.3"
      },
      "engines": {
        "node": ">=18"
      }
    },
    "node_modules/color-convert": {
      "version": "3.1.3",
      "resolved": "https://registry.npmjs.org/color-convert/-/color-convert-3.1.3.tgz",
      "integrity": "sha512-fasDH2ont2GqF5HpyO4w0+BcewlhHEZOFn9c1ckZdHpJ56Qb7MHhH/IcJZbBGgvdtwdwNbLvxiBEdg336iA9Sg==",
      "license": "MIT",
      "dependencies": {
        "color-name": "^2.0.0"
      },
      "engines": {
        "node": ">=14.6"
      }
    },
    "node_modules/color-name": {
      "version": "2.1.0",
      "resolved": "https://registry.npmjs.org/color-name/-/color-name-2.1.0.tgz",
      "integrity": "sha512-1bPaDNFm0axzE4MEAzKPuqKWeRaT43U/hyxKPBdqTfmPF+d6n7FSoTFxLVULUJOmiLp01KjhIPPH+HrXZJN4Rg==",
      "license": "MIT",
      "engines": {
        "node": ">=12.20"
      }
    },
    "node_modules/color-string": {
      "version": "2.1.4",
      "resolved": "https://registry.npmjs.org/color-string/-/color-string-2.1.4.tgz",
      "integrity": "sha512-Bb6Cq8oq0IjDOe8wJmi4JeNn763Xs9cfrBcaylK1tPypWzyoy2G3l90v9k64kjphl/ZJjPIShFztenRomi8WTg==",
      "license": "MIT",
      "dependencies": {
        "color-name": "^2.0.0"
      },
      "engines": {
        "node": ">=18"
      }
    },
    "node_modules/colorette": {
      "version": "2.0.19",
      "resolved": "https://registry.npmjs.org/colorette/-/colorette-2.0.19.tgz",
      "integrity": "sha512-3tlv/dIP7FWvj3BsbHrGLJ6l/oKh1O3TcgBqMn+yyCagOxc23fyzDS6HypQbgxWbkpDnf52p1LuR4eWDQ/K9WQ==",
      "license": "MIT"
    },
    "node_modules/commander": {
      "version": "10.0.1",
      "resolved": "https://registry.npmjs.org/commander/-/commander-10.0.1.tgz",
      "integrity": "sha512-y4Mg2tXshplEbSGzx7amzPwKKOCGuoSRP/CjEdwwk0FOGlUbq6lKuoyDZTNZkmxHdJtp54hdfY/JUrdL7Xfdug==",
      "license": "MIT",
      "engines": {
        "node": ">=14"
      }
    },
    "node_modules/debug": {
      "version": "4.3.4",
      "resolved": "https://registry.npmjs.org/debug/-/debug-4.3.4.tgz",
      "integrity": "sha512-PRWFHuSU3eDtQJPvnNY7Jcket1j0t5OuOsFzPPzsekD52Zl8qUfFIPEiswXqIvHWGVHOgX+7G/vCNNhehwxfkQ==",
      "license": "MIT",
      "dependencies": {
        "ms": "2.1.2"
      },
      "engines": {
        "node": ">=6.0"
      },
      "peerDependenciesMeta": {
        "supports-color": {
          "optional": true
        }
      }
    },
    "node_modules/enabled": {
      "version": "2.0.0",
      "resolved": "https://registry.npmjs.org/enabled/-/enabled-2.0.0.tgz",
      "integrity": "sha512-AKrN98kuwOzMIdAizXGI86UFBoo26CL21UM763y1h/GMSJ4/OHU9k2YlsmBpyScFo/wbLzWQJBMCW4+IO3/+OQ==",
      "license": "MIT"
    },
    "node_modules/es-errors": {
      "version": "1.3.0",
      "resolved": "https://registry.npmjs.org/es-errors/-/es-errors-1.3.0.tgz",
      "integrity": "sha512-Zf5H2Kxt2xjTvbJvP2ZWLEICxA6j+hAmMzIlypy4xcBg1vKVnx89Wy0GbS+kf5cwCVFFzdCFh2XSCFNULS6csw==",
      "license": "MIT",
      "engines": {
        "node": ">= 0.4"
      }
    },
    "node_modules/escalade": {
      "version": "3.2.0",
      "resolved": "https://registry.npmjs.org/escalade/-/escalade-3.2.0.tgz",
      "integrity": "sha512-WUj2qlxaQtO4g6Pq5c29GTcWGDyd8itL8zTlipgECz3JesAiiOKotd8JU6otB3PACgG6xkJUyVhboMS+bje/jA==",
      "license": "MIT",
      "engines": {
        "node": ">=6"
      }
    },
    "node_modules/esm": {
      "version": "3.2.25",
      "resolved": "https://registry.npmjs.org/esm/-/esm-3.2.25.tgz",
      "integrity": "sha512-U1suiZ2oDVWv4zPO56S0NcR5QriEahGtdN2OR6FiOG4WJvcjBVFB0qI4+eKoWFH483PKGuLuu6V8Z4T5g63UVA==",
      "license": "MIT",
      "engines": {
        "node": ">=6"
      }
    },
    "node_modules/fecha": {
      "version": "4.2.3",
      "resolved": "https://registry.npmjs.org/fecha/-/fecha-4.2.3.tgz",
      "integrity": "sha512-OP2IUU6HeYKJi3i0z4A19kHMQoLVs4Hc+DPqqxI2h/DPZHTm/vjsfC6P0b4jCMy14XizLBqvndQ+UilD7707Jw==",
      "license": "MIT"
    },
    "node_modules/fn.name": {
      "version": "1.1.0",
      "resolved": "https://registry.npmjs.org/fn.name/-/fn.name-1.1.0.tgz",
      "integrity": "sha512-GRnmB5gPyJpAhTQdSZTSp9uaPSvl09KoYcMQtsB9rQoOmzs9dH6ffeccH+Z+cv6P68Hu5bC6JjRh4Ah/mHSNRw==",
      "license": "MIT"
    },
    "node_modules/function-bind": {
      "version": "1.1.2",
      "resolved": "https://registry.npmjs.org/function-bind/-/function-bind-1.1.2.tgz",
      "integrity": "sha512-7XHNxH7qX9xG5mIwxkhumTox/MIRNcOgDrxWsMt2pAr23WHp6MrRlN7FBSFpCpr+oVO0F744iUgR82nJMfG2SA==",
      "license": "MIT",
      "funding": {
        "url": "https://github.com/sponsors/ljharb"
      }
    },
    "node_modules/get-package-type": {
      "version": "0.1.0",
      "resolved": "https://registry.npmjs.org/get-package-type/-/get-package-type-0.1.0.tgz",
      "integrity": "sha512-pjzuKtY64GYfWizNAJ0fr9VqttZkNiK2iS430LtIHzjBEr6bX8Am2zm4sW4Ro5wjWW5cAlRL1qAMTcXbjNAO2Q==",
      "license": "MIT",
      "engines": {
        "node": ">=8.0.0"
      }
    },
    "node_modules/getopts": {
      "version": "2.3.0",
      "resolved": "https://registry.npmjs.org/getopts/-/getopts-2.3.0.tgz",
      "integrity": "sha512-5eDf9fuSXwxBL6q5HX+dhDj+dslFGWzU5thZ9kNKUkcPtaPdatmUFKwHFrLb/uf/WpA4BHET+AX3Scl56cAjpA==",
      "license": "MIT"
    },
    "node_modules/hasown": {
      "version": "2.0.4",
      "resolved": "https://registry.npmjs.org/hasown/-/hasown-2.0.4.tgz",
      "integrity": "sha512-T2UbfbBEF32wiepXIsMlTW9+dDYC6wMh/t/vYA4tuOMKqWz/n3vr1NFSxQiyP+zk2mXsoMA/i/7qV6LKut1t1A==",
      "license": "MIT",
      "dependencies": {
        "function-bind": "^1.1.2"
      },
      "engines": {
        "node": ">= 0.4"
      }
    },
    "node_modules/inherits": {
      "version": "2.0.4",
      "resolved": "https://registry.npmjs.org/inherits/-/inherits-2.0.4.tgz",
      "integrity": "sha512-k/vGaX4/Yla3WzyMCvTQOXYeIHvqOKtnqBduzTHpzpQZzAskKMhZ2K+EnBiSM9zGSoIFeMpXKxa4dYeZIQqewQ==",
      "license": "ISC"
    },
    "node_modules/interpret": {
      "version": "2.2.0",
      "resolved": "https://registry.npmjs.org/interpret/-/interpret-2.2.0.tgz",
      "integrity": "sha512-Ju0Bz/cEia55xDwUWEa8+olFpCiQoypjnQySseKtmjNrnps3P+xfpUmGr90T7yjlVJmOtybRvPXhKMbHr+fWnw==",
      "license": "MIT",
      "engines": {
        "node": ">= 0.10"
      }
    },
    "node_modules/is-core-module": {
      "version": "2.16.2",
      "resolved": "https://registry.npmjs.org/is-core-module/-/is-core-module-2.16.2.tgz",
      "integrity": "sha512-evOr8xfXKxE6qSR0hSXL2r3sd7ALj8+7jQEUvPYcm5sgZFdJ+AYzT6yNmJenvIYQBgIGwfwz08sL8zoL7yq2BA==",
      "license": "MIT",
      "dependencies": {
        "hasown": "^2.0.3"
      },
      "engines": {
        "node": ">= 0.4"
      },
      "funding": {
        "url": "https://github.com/sponsors/ljharb"
      }
    },
    "node_modules/is-stream": {
      "version": "2.0.1",
      "resolved": "https://registry.npmjs.org/is-stream/-/is-stream-2.0.1.tgz",
      "integrity": "sha512-hFoiJiTl63nn+kstHGBtewWSKnQLpyb155KHheA1l39uvtO9nWIop1p3udqPcUd/xbF1VLMO4n7OI6p7RbngDg==",
      "license": "MIT",
      "engines": {
        "node": ">=8"
      },
      "funding": {
        "url": "https://github.com/sponsors/sindresorhus"
      }
    },
    "node_modules/knex": {
      "version": "2.5.1",
      "resolved": "https://registry.npmjs.org/knex/-/knex-2.5.1.tgz",
      "integrity": "sha512-z78DgGKUr4SE/6cm7ku+jHvFT0X97aERh/f0MUKAKgFnwCYBEW4TFBqtHWFYiJFid7fMrtpZ/gxJthvz5mEByA==",
      "license": "MIT",
      "dependencies": {
        "colorette": "2.0.19",
        "commander": "^10.0.0",
        "debug": "4.3.4",
        "escalade": "^3.1.1",
        "esm": "^3.2.25",
        "get-package-type": "^0.1.0",
        "getopts": "2.3.0",
        "interpret": "^2.2.0",
        "lodash": "^4.17.21",
        "pg-connection-string": "2.6.1",
        "rechoir": "^0.8.0",
        "resolve-from": "^5.0.0",
        "tarn": "^3.0.2",
        "tildify": "2.0.0"
      },
      "bin": {
        "knex": "bin/cli.js"
      },
      "engines": {
        "node": ">=12"
      },
      "peerDependenciesMeta": {
        "better-sqlite3": {
          "optional": true
        },
        "mysql": {
          "optional": true
        },
        "mysql2": {
          "optional": true
        },
        "pg": {
          "optional": true
        },
        "pg-native": {
          "optional": true
        },
        "sqlite3": {
          "optional": true
        },
        "tedious": {
          "optional": true
        }
      }
    },
    "node_modules/kuler": {
      "version": "2.0.0",
      "resolved": "https://registry.npmjs.org/kuler/-/kuler-2.0.0.tgz",
      "integrity": "sha512-Xq9nH7KlWZmXAtodXDDRE7vs6DU1gTU8zYDHDiWLSip45Egwq3plLHzPn27NgvzL2r1LMPC1vdqh98sQxtqj4A==",
      "license": "MIT"
    },
    "node_modules/lodash": {
      "version": "4.18.1",
      "resolved": "https://registry.npmjs.org/lodash/-/lodash-4.18.1.tgz",
      "integrity": "sha512-dMInicTPVE8d1e5otfwmmjlxkZoUpiVLwyeTdUsi/Caj/gfzzblBcCE5sRHV/AsjuCmxWrte2TNGSYuCeCq+0Q==",
      "license": "MIT"
    },
    "node_modules/logform": {
      "version": "2.7.0",
      "resolved": "https://registry.npmjs.org/logform/-/logform-2.7.0.tgz",
      "integrity": "sha512-TFYA4jnP7PVbmlBIfhlSe+WKxs9dklXMTEGcBCIvLhE/Tn3H6Gk1norupVW7m5Cnd4bLcr08AytbyV/xj7f/kQ==",
      "license": "MIT",
      "dependencies": {
        "@colors/colors": "1.6.0",
        "@types/triple-beam": "^1.3.2",
        "fecha": "^4.2.0",
        "ms": "^2.1.1",
        "safe-stable-stringify": "^2.3.1",
        "triple-beam": "^1.3.0"
      },
      "engines": {
        "node": ">= 12.0.0"
      }
    },
    "node_modules/minimist": {
      "version": "1.2.8",
      "resolved": "https://registry.npmjs.org/minimist/-/minimist-1.2.8.tgz",
      "integrity": "sha512-2yyAR8qBkN3YuheJanUpWC5U3bb5osDywNB8RzDVlDwDHbocAJveqqj1u8+SVD7jkWT4yvsHCpWqqWqAxb0zCA==",
      "license": "MIT",
      "funding": {
        "url": "https://github.com/sponsors/ljharb"
      }
    },
    "node_modules/ms": {
      "version": "2.1.2",
      "resolved": "https://registry.npmjs.org/ms/-/ms-2.1.2.tgz",
      "integrity": "sha512-sGkPx+VjMtmA6MX27oA4FBFELFCZZ4S4XqeGOXCv68tT+jb3vk/RyaKWP0PTKyWtmLSM0b+adUTEvbs1PEaH2w==",
      "license": "MIT"
    },
    "node_modules/obuf": {
      "version": "1.1.2",
      "resolved": "https://registry.npmjs.org/obuf/-/obuf-1.1.2.tgz",
      "integrity": "sha512-PX1wu0AmAdPqOL1mWhqmlOd8kOIZQwGZw6rh7uby9fTc5lhaOWFLX3I6R1hrF9k3zUY40e6igsLGkDXK92LJNg==",
      "license": "MIT"
    },
    "node_modules/one-time": {
      "version": "1.0.0",
      "resolved": "https://registry.npmjs.org/one-time/-/one-time-1.0.0.tgz",
      "integrity": "sha512-5DXOiRKwuSEcQ/l0kGCF6Q3jcADFv5tSmRaJck/OqkVFcOzutB134KRSfF0xDrL39MNnqxbHBbUUcjZIhTgb2g==",
      "license": "MIT",
      "dependencies": {
        "fn.name": "1.x.x"
      }
    },
    "node_modules/path-parse": {
      "version": "1.0.7",
      "resolved": "https://registry.npmjs.org/path-parse/-/path-parse-1.0.7.tgz",
      "integrity": "sha512-LDJzPVEEEPR+y48z93A0Ed0yXb8pAByGWo/k5YYdYgpY2/2EsOsksJrq7lOHxryrVOn1ejG6oAp8ahvOIQD8sw==",
      "license": "MIT"
    },
    "node_modules/pg": {
      "version": "8.22.0",
      "resolved": "https://registry.npmjs.org/pg/-/pg-8.22.0.tgz",
      "integrity": "sha512-8wih1vVIBMxoUM2oB4soJsD9tDnDpLv4OXBJ+EJzFsvycD+lfyIreC2gGHq78f8jbLLt+bvlPTFdFZfJkOuzAA==",
      "license": "MIT",
      "dependencies": {
        "pg-connection-string": "^2.14.0",
        "pg-pool": "^3.14.0",
        "pg-protocol": "^1.15.0",
        "pg-types": "2.2.0",
        "pgpass": "1.0.5"
      },
      "engines": {
        "node": ">= 16.0.0"
      },
      "optionalDependencies": {
        "pg-cloudflare": "^1.4.0"
      },
      "peerDependencies": {
        "pg-native": ">=3.0.1"
      },
      "peerDependenciesMeta": {
        "pg-native": {
          "optional": true
        }
      }
    },
    "node_modules/pg-cloudflare": {
      "version": "1.4.0",
      "resolved": "https://registry.npmjs.org/pg-cloudflare/-/pg-cloudflare-1.4.0.tgz",
      "integrity": "sha512-Vo7z/6rrQYxpNRylp4Tlob2elzbh+N/MOQbxFVWCxS7oEx6jF53GTJFxK2WWpKuBRkmiin4Mt+xofFDjx09R0A==",
      "license": "MIT",
      "optional": true
    },
    "node_modules/pg-connection-string": {
      "version": "2.6.1",
      "resolved": "https://registry.npmjs.org/pg-connection-string/-/pg-connection-string-2.6.1.tgz",
      "integrity": "sha512-w6ZzNu6oMmIzEAYVw+RLK0+nqHPt8K3ZnknKi+g48Ak2pr3dtljJW3o+D/n2zzCG07Zoe9VOX3aiKpj+BN0pjg==",
      "license": "MIT"
    },
    "node_modules/pg-copy-streams": {
      "version": "6.0.6",
      "resolved": "https://registry.npmjs.org/pg-copy-streams/-/pg-copy-streams-6.0.6.tgz",
      "integrity": "sha512-Z+Dd2C2NIDTsjyFKmc6a9QLlpM8tjpERx+43RSx0WmL7j3uNChERi3xSvZUL0hWJ1oRUn4S3fhyt3apdSrTyKQ==",
      "license": "MIT",
      "dependencies": {
        "obuf": "^1.1.2"
      }
    },
    "node_modules/pg-int8": {
      "version": "1.0.1",
      "resolved": "https://registry.npmjs.org/pg-int8/-/pg-int8-1.0.1.tgz",
      "integrity": "sha512-WCtabS6t3c8SkpDBUlb1kjOs7l66xsGdKpIPZsg4wR+B3+u9UAum2odSsF9tnvxg80h4ZxLWMy4pRjOsFIqQpw==",
      "license": "ISC",
      "engines": {
        "node": ">=4.0.0"
      }
    },
    "node_modules/pg-pool": {
      "version": "3.14.0",
      "resolved": "https://registry.npmjs.org/pg-pool/-/pg-pool-3.14.0.tgz",
      "integrity": "sha512-gKtPkFdQPU3DksooVLi9LsjZxrsBUZIpa+7aVx+LV5pNh0KzP4Zleud2po+ConrxbuXGBJ6Hfer6hdgpIBpBaw==",
      "license": "MIT",
      "peerDependencies": {
        "pg": ">=8.0"
      }
    },
    "node_modules/pg-protocol": {
      "version": "1.15.0",
      "resolved": "https://registry.npmjs.org/pg-protocol/-/pg-protocol-1.15.0.tgz",
      "integrity": "sha512-cq9sECI5s0+uPUXjbz8ioyPJni6RzsRib0US67i5IoTZKw8fNeYlVE7u8F4dG7vEJJtc5wdD1K189lCCUwqWTQ==",
      "license": "MIT"
    },
    "node_modules/pg-types": {
      "version": "2.2.0",
      "resolved": "https://registry.npmjs.org/pg-types/-/pg-types-2.2.0.tgz",
      "integrity": "sha512-qTAAlrEsl8s4OiEQY69wDvcMIdQN6wdz5ojQiOy6YRMuynxenON0O5oCpJI6lshc6scgAY8qvJ2On/p+CXY0GA==",
      "license": "MIT",
      "dependencies": {
        "pg-int8": "1.0.1",
        "postgres-array": "~2.0.0",
        "postgres-bytea": "~1.0.0",
        "postgres-date": "~1.0.4",
        "postgres-interval": "^1.1.0"
      },
      "engines": {
        "node": ">=4"
      }
    },
    "node_modules/pg/node_modules/pg-connection-string": {
      "version": "2.14.0",
      "resolved": "https://registry.npmjs.org/pg-connection-string/-/pg-connection-string-2.14.0.tgz",
      "integrity": "sha512-XwWDGcLRGCXAR8F/AM5bG7Q+A3Wm2s6QeEjlOKZLlH3UYcguiqCWKyWXVag5TLTIjR7oOJUY8kcADaZgWPyLeg==",
      "license": "MIT"
    },
    "node_modules/pgpass": {
      "version": "1.0.5",
      "resolved": "https://registry.npmjs.org/pgpass/-/pgpass-1.0.5.tgz",
      "integrity": "sha512-FdW9r/jQZhSeohs1Z3sI1yxFQNFvMcnmfuj4WBMUTxOrAyLMaTcE1aAMBiTlbMNaXvBCQuVi0R7hd8udDSP7ug==",
      "license": "MIT",
      "dependencies": {
        "split2": "^4.1.0"
      }
    },
    "node_modules/postgres-array": {
      "version": "2.0.0",
      "resolved": "https://registry.npmjs.org/postgres-array/-/postgres-array-2.0.0.tgz",
      "integrity": "sha512-VpZrUqU5A69eQyW2c5CA1jtLecCsN2U/bD6VilrFDWq5+5UIEVO7nazS3TEcHf1zuPYO/sqGvUvW62g86RXZuA==",
      "license": "MIT",
      "engines": {
        "node": ">=4"
      }
    },
    "node_modules/postgres-bytea": {
      "version": "1.0.1",
      "resolved": "https://registry.npmjs.org/postgres-bytea/-/postgres-bytea-1.0.1.tgz",
      "integrity": "sha512-5+5HqXnsZPE65IJZSMkZtURARZelel2oXUEO8rH83VS/hxH5vv1uHquPg5wZs8yMAfdv971IU+kcPUczi7NVBQ==",
      "license": "MIT",
      "engines": {
        "node": ">=0.10.0"
      }
    },
    "node_modules/postgres-date": {
      "version": "1.0.7",
      "resolved": "https://registry.npmjs.org/postgres-date/-/postgres-date-1.0.7.tgz",
      "integrity": "sha512-suDmjLVQg78nMK2UZ454hAG+OAW+HQPZ6n++TNDUX+L0+uUlLywnoxJKDou51Zm+zTCjrCl0Nq6J9C5hP9vK/Q==",
      "license": "MIT",
      "engines": {
        "node": ">=0.10.0"
      }
    },
    "node_modules/postgres-interval": {
      "version": "1.2.0",
      "resolved": "https://registry.npmjs.org/postgres-interval/-/postgres-interval-1.2.0.tgz",
      "integrity": "sha512-9ZhXKM/rw350N1ovuWHbGxnGh/SNJ4cnxHiM0rxE4VN41wsg8P8zWn9hv/buK00RP4WvlOyr/RBDiptyxVbkZQ==",
      "license": "MIT",
      "dependencies": {
        "xtend": "^4.0.0"
      },
      "engines": {
        "node": ">=0.10.0"
      }
    },
    "node_modules/readable-stream": {
      "version": "3.6.2",
      "resolved": "https://registry.npmjs.org/readable-stream/-/readable-stream-3.6.2.tgz",
      "integrity": "sha512-9u/sniCrY3D5WdsERHzHE4G2YCXqoG5FTHUiCC4SIbr6XcLZBY05ya9EKjYek9O5xOAwjGq+1JdGBAS7Q9ScoA==",
      "license": "MIT",
      "dependencies": {
        "inherits": "^2.0.3",
        "string_decoder": "^1.1.1",
        "util-deprecate": "^1.0.1"
      },
      "engines": {
        "node": ">= 6"
      }
    },
    "node_modules/rechoir": {
      "version": "0.8.0",
      "resolved": "https://registry.npmjs.org/rechoir/-/rechoir-0.8.0.tgz",
      "integrity": "sha512-/vxpCXddiX8NGfGO/mTafwjq4aFa/71pvamip0++IQk3zG8cbCj0fifNPrjjF1XMXUne91jL9OoxmdykoEtifQ==",
      "license": "MIT",
      "dependencies": {
        "resolve": "^1.20.0"
      },
      "engines": {
        "node": ">= 10.13.0"
      }
    },
    "node_modules/resolve": {
      "version": "1.22.12",
      "resolved": "https://registry.npmjs.org/resolve/-/resolve-1.22.12.tgz",
      "integrity": "sha512-TyeJ1zif53BPfHootBGwPRYT1RUt6oGWsaQr8UyZW/eAm9bKoijtvruSDEmZHm92CwS9nj7/fWttqPCgzep8CA==",
      "license": "MIT",
      "dependencies": {
        "es-errors": "^1.3.0",
        "is-core-module": "^2.16.1",
        "path-parse": "^1.0.7",
        "supports-preserve-symlinks-flag": "^1.0.0"
      },
      "bin": {
        "resolve": "bin/resolve"
      },
      "engines": {
        "node": ">= 0.4"
      },
      "funding": {
        "url": "https://github.com/sponsors/ljharb"
      }
    },
    "node_modules/resolve-from": {
      "version": "5.0.0",
      "resolved": "https://registry.npmjs.org/resolve-from/-/resolve-from-5.0.0.tgz",
      "integrity": "sha512-qYg9KP24dD5qka9J47d0aVky0N+b4fTU89LN9iDnjB5waksiC49rvMB0PrUJQGoTmH50XPiqOvAjDfaijGxYZw==",
      "license": "MIT",
      "engines": {
        "node": ">=8"
      }
    },
    "node_modules/safe-buffer": {
      "version": "5.2.1",
      "resolved": "https://registry.npmjs.org/safe-buffer/-/safe-buffer-5.2.1.tgz",
      "integrity": "sha512-rp3So07KcdmmKbGvgaNxQSJr7bGVSVk5S9Eq1F+ppbRo70+YeaDxkw5Dd8NPN+GD6bjnYm2VuPuCXmpuYvmCXQ==",
      "funding": [
        {
          "type": "github",
          "url": "https://github.com/sponsors/feross"
        },
        {
          "type": "patreon",
          "url": "https://www.patreon.com/feross"
        },
        {
          "type": "consulting",
          "url": "https://feross.org/support"
        }
      ],
      "license": "MIT"
    },
    "node_modules/safe-stable-stringify": {
      "version": "2.5.0",
      "resolved": "https://registry.npmjs.org/safe-stable-stringify/-/safe-stable-stringify-2.5.0.tgz",
      "integrity": "sha512-b3rppTKm9T+PsVCBEOUR46GWI7fdOs00VKZ1+9c1EWDaDMvjQc6tUwuFyIprgGgTcWoVHSKrU8H31ZHA2e0RHA==",
      "license": "MIT",
      "engines": {
        "node": ">=10"
      }
    },
    "node_modules/split2": {
      "version": "4.2.0",
      "resolved": "https://registry.npmjs.org/split2/-/split2-4.2.0.tgz",
      "integrity": "sha512-UcjcJOWknrNkF6PLX83qcHM6KHgVKNkV62Y8a5uYDVv9ydGQVwAHMKqHdJje1VTWpljG0WYpCDhrCdAOYH4TWg==",
      "license": "ISC",
      "engines": {
        "node": ">= 10.x"
      }
    },
    "node_modules/stack-trace": {
      "version": "0.0.10",
      "resolved": "https://registry.npmjs.org/stack-trace/-/stack-trace-0.0.10.tgz",
      "integrity": "sha512-KGzahc7puUKkzyMt+IqAep+TVNbKP+k2Lmwhub39m1AsTSkaDutx56aDCo+HLDzf/D26BIHTJWNiTG1KAJiQCg==",
      "license": "MIT",
      "engines": {
        "node": "*"
      }
    },
    "node_modules/string_decoder": {
      "version": "1.3.0",
      "resolved": "https://registry.npmjs.org/string_decoder/-/string_decoder-1.3.0.tgz",
      "integrity": "sha512-hkRX8U1WjJFd8LsDJ2yQ/wWWxaopEsABU1XfkM8A+j0+85JAGppt16cr1Whg6KIbb4okU6Mql6BOj+uup/wKeA==",
      "license": "MIT",
      "dependencies": {
        "safe-buffer": "~5.2.0"
      }
    },
    "node_modules/supports-preserve-symlinks-flag": {
      "version": "1.0.0",
      "resolved": "https://registry.npmjs.org/supports-preserve-symlinks-flag/-/supports-preserve-symlinks-flag-1.0.0.tgz",
      "integrity": "sha512-ot0WnXS9fgdkgIcePe6RHNk1WA8+muPa6cSjeR3V8K27q9BB1rTE3R1p7Hv0z1ZyAc8s6Vvv8DIyWf681MAt0w==",
      "license": "MIT",
      "engines": {
        "node": ">= 0.4"
      },
      "funding": {
        "url": "https://github.com/sponsors/ljharb"
      }
    },
    "node_modules/tarn": {
      "version": "3.1.2",
      "resolved": "https://registry.npmjs.org/tarn/-/tarn-3.1.2.tgz",
      "integrity": "sha512-3RTvqKZcK/17jnJ8rMKFXbyNogywTs1z0gVPPwFsJGX46rkmUHOdIaSQ/aVO1rS7nH+soiXiWk7rvUXxndm8Dg==",
      "license": "MIT",
      "engines": {
        "node": ">=8.0.0"
      }
    },
    "node_modules/text-hex": {
      "version": "1.0.0",
      "resolved": "https://registry.npmjs.org/text-hex/-/text-hex-1.0.0.tgz",
      "integrity": "sha512-uuVGNWzgJ4yhRaNSiubPY7OjISw4sw4E5Uv0wbjp+OzcbmVU/rsT8ujgcXJhn9ypzsgr5vlzpPqP+MBBKcGvbg==",
      "license": "MIT"
    },
    "node_modules/tildify": {
      "version": "2.0.0",
      "resolved": "https://registry.npmjs.org/tildify/-/tildify-2.0.0.tgz",
      "integrity": "sha512-Cc+OraorugtXNfs50hU9KS369rFXCfgGLpfCfvlc+Ud5u6VWmUQsOAa9HbTvheQdYnrdJqqv1e5oIqXppMYnSw==",
      "license": "MIT",
      "engines": {
        "node": ">=8"
      }
    },
    "node_modules/triple-beam": {
      "version": "1.4.1",
      "resolved": "https://registry.npmjs.org/triple-beam/-/triple-beam-1.4.1.tgz",
      "integrity": "sha512-aZbgViZrg1QNcG+LULa7nhZpJTZSLm/mXnHXnbAbjmN5aSa0y7V+wvv6+4WaBtpISJzThKy+PIPxc1Nq1EJ9mg==",
      "license": "MIT",
      "engines": {
        "node": ">= 14.0.0"
      }
    },
    "node_modules/tslib": {
      "version": "2.8.1",
      "resolved": "https://registry.npmjs.org/tslib/-/tslib-2.8.1.tgz",
      "integrity": "sha512-oJFu94HQb+KVduSUQL7wnpmqnfmLsOA/nAh6b6EH0wCEoK0/mPeXU6c3wKDV83MkOuHPRHtSXKKU99IBazS/2w==",
      "license": "0BSD"
    },
    "node_modules/util-deprecate": {
      "version": "1.0.2",
      "resolved": "https://registry.npmjs.org/util-deprecate/-/util-deprecate-1.0.2.tgz",
      "integrity": "sha512-EPD5q1uXyFxJpCrLnCc1nHnq3gOa6DZBocAIiI2TaSCA7VCJ1UJDMagCzIkXNsUYfD1daK//LTEQ8xiIbrHtcw==",
      "license": "MIT"
    },
    "node_modules/winston": {
      "version": "3.19.0",
      "resolved": "https://registry.npmjs.org/winston/-/winston-3.19.0.tgz",
      "integrity": "sha512-LZNJgPzfKR+/J3cHkxcpHKpKKvGfDZVPS4hfJCc4cCG0CgYzvlD6yE/S3CIL/Yt91ak327YCpiF/0MyeZHEHKA==",
      "license": "MIT",
      "dependencies": {
        "@colors/colors": "^1.6.0",
        "@dabh/diagnostics": "^2.0.8",
        "async": "^3.2.3",
        "is-stream": "^2.0.0",
        "logform": "^2.7.0",
        "one-time": "^1.0.0",
        "readable-stream": "^3.4.0",
        "safe-stable-stringify": "^2.3.1",
        "stack-trace": "0.0.x",
        "triple-beam": "^1.3.0",
        "winston-transport": "^4.9.0"
      },
      "engines": {
        "node": ">= 12.0.0"
      }
    },
    "node_modules/winston-transport": {
      "version": "4.9.0",
      "resolved": "https://registry.npmjs.org/winston-transport/-/winston-transport-4.9.0.tgz",
      "integrity": "sha512-8drMJ4rkgaPo1Me4zD/3WLfI/zPdA9o2IipKODunnGDcuqbHwjsbB79ylv04LCGGzU0xQ6vTznOMpQGaLhhm6A==",
      "license": "MIT",
      "dependencies": {
        "logform": "^2.7.0",
        "readable-stream": "^3.6.2",
        "triple-beam": "^1.3.0"
      },
      "engines": {
        "node": ">= 12.0.0"
      }
    },
    "node_modules/xtend": {
      "version": "4.0.2",
      "resolved": "https://registry.npmjs.org/xtend/-/xtend-4.0.2.tgz",
      "integrity": "sha512-LKYU1iAXJXUgAXn9URjiu+MWhyUXHsvfp7mcuYm9dSUKK0/CjtrUwFAxD82/mCWbtLsGjFIad0wIsod4zrTAEQ==",
      "license": "MIT",
      "engines": {
        "node": ">=0.4"
      }
    }
  }
}
